
Microsoft Visual Studio Solution File, Format Version 12.00
# Visual Studio 2013
VisualStudioVersion = 12.0.30501.0
MinimumVisualStudioVersion = 10.0.40219.1
Project("{8BC9CEB8-8B4A-11D0-8D11-00A0C91BC942}") = "06.10 (3)", "06.10 (3)\06.10 (3).vcxproj", "{A504F6C5-4E65-4B9C-9BAB-2BD8370386D5}"
EndProject
Global
	GlobalSection(SolutionConfigurationPlatforms) = preSolution
		Debug|Win32 = Debug|Win32
		Release|Win32 = Release|Win32
	EndGlobalSection
	GlobalSection(ProjectConfigurationPlatforms) = postSolution
		{A504F6C5-4E65-4B9C-9BAB-2BD8370386D5}.Debug|Win32.ActiveCfg = Debug|Win32
		{A504F6C5-4E65-4B9C-9BAB-2BD8370386D5}.Debug|Win32.Build.0 = Debug|Win32
		{A504F6C5-4E65-4B9C-9BAB-2BD8370386D5}.Release|Win32.ActiveCfg = Release|Win32
		{A504F6C5-4E65-4B9C-9BAB-2BD8370386D5}.Release|Win32.Build.0 = Release|Win32
	EndGlobalSection
	GlobalSection(SolutionProperties) = preSolution
		HideSolutionNode = FALSE
	EndGlobalSection
EndGlobal
